{
  "name": "VibeWire",
  "lockfileVersion": 3,
  "requires": true,
  "packages": {
    "": {
      "dependencies": {
        "@lottiefiles/dotlottie-react": "^0.12.1",
        "nodemailer": "^6.9.15"
      }
    },
    "node_modules/@lottiefiles/dotlottie-react": {
      "version": "0.12.1",
      "resolved": "https://registry.npmjs.org/@lottiefiles/dotlottie-react/-/dotlottie-react-0.12.1.tgz",
      "integrity": "sha512-8l0db31gqozQMC2ZfzV6NWN1cit/NOlevVgS98qC2N4vugS6CZ6IWE4EfLLJEa9DILSinENDE4K85+eIJw4MOQ==",
      "license": "MIT",
      "dependencies": {
        "@lottiefiles/dotlottie-web": "0.39.0"
      },
      "peerDependencies": {
        "react": "^17 || ^18 || ^19"
      }
    },
    "node_modules/@lottiefiles/dotlottie-web": {
      "version": "0.39.0",
      "resolved": "https://registry.npmjs.org/@lottiefiles/dotlottie-web/-/dotlottie-web-0.39.0.tgz",
      "integrity": "sha512-kJWL6NEtbXQQHFK8kMfNte/5vuTHjFhL11a30s4PJSikao8IeEu+hLJH72flWHyTLpL4tmnxW3WkTKUwZ8Osug==",
      "license": "MIT"
    },
    "node_modules/nodemailer": {
      "version": "6.9.15",
      "resolved": "https://registry.npmjs.org/nodemailer/-/nodemailer-6.9.15.tgz",
      "integrity": "sha512-AHf04ySLC6CIfuRtRiEYtGEXgRfa6INgWGluDhnxTZhHSKvrBu7lc1VVchQ0d8nPc4cFaZoPq8vkyNoZr0TpGQ==",
      "license": "MIT-0",
      "engines": {
        "node": ">=6.0.0"
      }
    },
    "node_modules/react": {
      "version": "19.0.0",
      "resolved": "https://registry.npmjs.org/react/-/react-19.0.0.tgz",
      "integrity": "sha512-V8AVnmPIICiWpGfm6GLzCR/W5FXLchHop40W4nXBmdlEceh16rCN8O8LNWm5bh5XUX91fh7KpA+W0TgMKmgTpQ==",
      "license": "MIT",
      "peer": true,
      "engines": {
        "node": ">=0.10.0"
      }
    }
  }
}
